
Microsoft Visual Studio Solution File, Format Version 12.00
# Visual Studio 2012
Project("{FAE04EC0-301F-11D3-BF4B-00C04F79EFBC}") = "UserCreator", "UserCreator\UserCreator.csproj", "{E01FF06B-AB43-4FD4-9285-7F1A3B5C2BBE}"
EndProject
Global
	GlobalSection(SolutionConfigurationPlatforms) = preSolution
		Debug|Any CPU = Debug|Any CPU
		Release|Any CPU = Release|Any CPU
	EndGlobalSection
	GlobalSection(ProjectConfigurationPlatforms) = postSolution
		{E01FF06B-AB43-4FD4-9285-7F1A3B5C2BBE}.Debug|Any CPU.ActiveCfg = Debug|Any CPU
		{E01FF06B-AB43-4FD4-9285-7F1A3B5C2BBE}.Debug|Any CPU.Build.0 = Debug|Any CPU
		{E01FF06B-AB43-4FD4-9285-7F1A3B5C2BBE}.Release|Any CPU.ActiveCfg = Release|Any CPU
		{E01FF06B-AB43-4FD4-9285-7F1A3B5C2BBE}.Release|Any CPU.Build.0 = Release|Any CPU
	EndGlobalSection
	GlobalSection(SolutionProperties) = preSolution
		HideSolutionNode = FALSE
	EndGlobalSection
EndGlobal
